
Microsoft Visual Studio Solution File, Format Version 12.00
# Visual Studio Version 17
VisualStudioVersion = 17.13.35818.85 d17.13
MinimumVisualStudioVersion = 10.0.40219.1
Project("{FAE04EC0-301F-11D3-BF4B-00C04F79EFBC}") = "Aula1.Cliente.API", "Aula1.Cliente.API\Aula1.Cliente.API.csproj", "{43C9E922-F51D-44E4-ABC3-3915AC331DED}"
EndProject
Global
	GlobalSection(SolutionConfigurationPlatforms) = preSolution
		Debug|Any CPU = Debug|Any CPU
		Release|Any CPU = Release|Any CPU
	EndGlobalSection
	GlobalSection(ProjectConfigurationPlatforms) = postSolution
		{43C9E922-F51D-44E4-ABC3-3915AC331DED}.Debug|Any CPU.ActiveCfg = Debug|Any CPU
		{43C9E922-F51D-44E4-ABC3-3915AC331DED}.Debug|Any CPU.Build.0 = Debug|Any CPU
		{43C9E922-F51D-44E4-ABC3-3915AC331DED}.Release|Any CPU.ActiveCfg = Release|Any CPU
		{43C9E922-F51D-44E4-ABC3-3915AC331DED}.Release|Any CPU.Build.0 = Release|Any CPU
	EndGlobalSection
	GlobalSection(SolutionProperties) = preSolution
		HideSolutionNode = FALSE
	EndGlobalSection
	GlobalSection(ExtensibilityGlobals) = postSolution
		SolutionGuid = {405C346F-6828-4C88-9499-F57C2872D128}
	EndGlobalSection
EndGlobal
